
Microsoft Visual Studio Solution File, Format Version 12.00
# Visual Studio 14
VisualStudioVersion = 14.0.25420.1
MinimumVisualStudioVersion = 10.0.40219.1
Project("{FAE04EC0-301F-11D3-BF4B-00C04F79EFBC}") = "Web", "Web\Web.csproj", "{C7913626-608B-4285-8C39-CDA2A89D7469}"
EndProject
Project("{FAE04EC0-301F-11D3-BF4B-00C04F79EFBC}") = "Model", "Model\Model.csproj", "{78A84596-080D-4D44-BFED-087FD7A687AD}"
EndProject
Project("{FAE04EC0-301F-11D3-BF4B-00C04F79EFBC}") = "SeatManage", "SeatManage\SeatManage.csproj", "{BAC1088F-03B2-45AC-8ECA-178F720EED81}"
EndProject
Project("{FAE04EC0-301F-11D3-BF4B-00C04F79EFBC}") = "Common", "Common\Common.csproj", "{66342033-5A09-4EC1-BAA1-CCE445F52476}"
EndProject
Project("{FAE04EC0-301F-11D3-BF4B-00C04F79EFBC}") = "CommonService", "CommonService\CommonService.csproj", "{E486976D-3767-4EE5-BE34-2B06345764C5}"
EndProject
Project("{FAE04EC0-301F-11D3-BF4B-00C04F79EFBC}") = "AppWebService", "AppWebService\AppWebService.csproj", "{6E463CCE-D11B-405E-A339-FFCCB138FFB5}"
EndProject
Project("{FAE04EC0-301F-11D3-BF4B-00C04F79EFBC}") = "MvcExtension", "MvcExtension\MvcExtension.csproj", "{D4F89892-5734-4D8D-9CDD-5B2E909F1495}"
EndProject
Project("{2150E333-8FDC-42A3-9474-1A3956D46DE8}") = "01 服务接口", "01 服务接口", "{BE393D20-F54F-45EE-A6E9-5F6335DA1715}"
EndProject
Project("{2150E333-8FDC-42A3-9474-1A3956D46DE8}") = "02 公共库", "02 公共库", "{CEC6EE36-2991-4E46-8ADB-D98EFCB71DEE}"
EndProject
Project("{2150E333-8FDC-42A3-9474-1A3956D46DE8}") = "03 微信网站", "03 微信网站", "{B3EBF6AF-2E68-4F56-BB30-989849EA97E5}"
EndProject
Project("{2150E333-8FDC-42A3-9474-1A3956D46DE8}") = "04 扫码入库端web接口", "04 扫码入库端web接口", "{4CB5C422-CB7B-4943-9957-E773A585A723}"
EndProject
Project("{2150E333-8FDC-42A3-9474-1A3956D46DE8}") = "05 定时请求模块", "05 定时请求模块", "{15AB3CEB-C859-4A5A-8E2A-E8287477A149}"
EndProject
Project("{FAE04EC0-301F-11D3-BF4B-00C04F79EFBC}") = "DBUtility", "DBUtility\DBUtility.csproj", "{E36B0E11-7FC9-4224-850F-E10CB57FB284}"
EndProject
Project("{FAE04EC0-301F-11D3-BF4B-00C04F79EFBC}") = "EnumType", "EnumType\EnumType.csproj", "{3E7C2198-F6B3-4FAE-8EBF-2271E752DFF3}"
EndProject
Project("{FAE04EC0-301F-11D3-BF4B-00C04F79EFBC}") = "IService", "IService\IService.csproj", "{2F8165A3-5F0A-4516-8185-15A1A9708E00}"
EndProject
Project("{FAE04EC0-301F-11D3-BF4B-00C04F79EFBC}") = "ScanQRCodeHandle", "ScanQRCodeHandle\ScanQRCodeHandle.csproj", "{2BF14A54-E80B-4157-915A-75FB1C70A1FB}"
EndProject
Project("{FAE04EC0-301F-11D3-BF4B-00C04F79EFBC}") = "ScanQRCodeHandle.Model", "ScanQRCodeHandle.Model\ScanQRCodeHandle.Model.csproj", "{1D391459-E843-4693-B96F-DDE49BB56026}"
EndProject
Project("{FAE04EC0-301F-11D3-BF4B-00C04F79EFBC}") = "SeatManageComm", "SeatManageComm\SeatManageComm.csproj", "{19063808-3340-4563-8B40-573D8DD0BABA}"
EndProject
Project("{FAE04EC0-301F-11D3-BF4B-00C04F79EFBC}") = "PostHandlerService", "PostHandlerService\PostHandlerService.csproj", "{6D455079-2F20-43E4-946F-AC42D455E9B2}"
EndProject
Project("{FAE04EC0-301F-11D3-BF4B-00C04F79EFBC}") = "PostHandlerApp", "PostHandlerApp\PostHandlerApp.csproj", "{2304E582-DF8E-45A8-8BAC-2ED81BF27229}"
EndProject
Project("{2150E333-8FDC-42A3-9474-1A3956D46DE8}") = "06 微信消息推送接口", "06 微信消息推送接口", "{01CF7739-F481-4978-81EC-7216A6B79AF7}"
EndProject
Project("{FAE04EC0-301F-11D3-BF4B-00C04F79EFBC}") = "WeChatMsg", "WeChatMsg\WeChatMsg.csproj", "{CB7C78C5-4A39-40A2-90C7-D034BD6C3790}"
EndProject
Project("{FAE04EC0-301F-11D3-BF4B-00C04F79EFBC}") = "WeiXinMsgService", "WeiXinMsgService\WeiXinMsgService.csproj", "{A3D5A375-AB79-4419-B962-BA8DC2CB2B1B}"
EndProject
Global
	GlobalSection(SolutionConfigurationPlatforms) = preSolution
		Debug|Any CPU = Debug|Any CPU
		Debug|x86 = Debug|x86
		Release|Any CPU = Release|Any CPU
		Release|x86 = Release|x86
	EndGlobalSection
	GlobalSection(ProjectConfigurationPlatforms) = postSolution
		{C7913626-608B-4285-8C39-CDA2A89D7469}.Debug|Any CPU.ActiveCfg = Debug|Any CPU
		{C7913626-608B-4285-8C39-CDA2A89D7469}.Debug|Any CPU.Build.0 = Debug|Any CPU
		{C7913626-608B-4285-8C39-CDA2A89D7469}.Debug|x86.ActiveCfg = Debug|Any CPU
		{C7913626-608B-4285-8C39-CDA2A89D7469}.Debug|x86.Build.0 = Debug|Any CPU
		{C7913626-608B-4285-8C39-CDA2A89D7469}.Release|Any CPU.ActiveCfg = Release|Any CPU
		{C7913626-608B-4285-8C39-CDA2A89D7469}.Release|Any CPU.Build.0 = Release|Any CPU
		{C7913626-608B-4285-8C39-CDA2A89D7469}.Release|x86.ActiveCfg = Release|Any CPU
		{C7913626-608B-4285-8C39-CDA2A89D7469}.Release|x86.Build.0 = Release|Any CPU
		{78A84596-080D-4D44-BFED-087FD7A687AD}.Debug|Any CPU.ActiveCfg = Debug|Any CPU
		{78A84596-080D-4D44-BFED-087FD7A687AD}.Debug|Any CPU.Build.0 = Debug|Any CPU
		{78A84596-080D-4D44-BFED-087FD7A687AD}.Debug|x86.ActiveCfg = Debug|Any CPU
		{78A84596-080D-4D44-BFED-087FD7A687AD}.Debug|x86.Build.0 = Debug|Any CPU
		{78A84596-080D-4D44-BFED-087FD7A687AD}.Release|Any CPU.ActiveCfg = Release|Any CPU
		{78A84596-080D-4D44-BFED-087FD7A687AD}.Release|Any CPU.Build.0 = Release|Any CPU
		{78A84596-080D-4D44-BFED-087FD7A687AD}.Release|x86.ActiveCfg = Release|Any CPU
		{78A84596-080D-4D44-BFED-087FD7A687AD}.Release|x86.Build.0 = Release|Any CPU
		{BAC1088F-03B2-45AC-8ECA-178F720EED81}.Debug|Any CPU.ActiveCfg = Debug|Any CPU
		{BAC1088F-03B2-45AC-8ECA-178F720EED81}.Debug|Any CPU.Build.0 = Debug|Any CPU
		{BAC1088F-03B2-45AC-8ECA-178F720EED81}.Debug|x86.ActiveCfg = Debug|Any CPU
		{BAC1088F-03B2-45AC-8ECA-178F720EED81}.Debug|x86.Build.0 = Debug|Any CPU
		{BAC1088F-03B2-45AC-8ECA-178F720EED81}.Release|Any CPU.ActiveCfg = Release|Any CPU
		{BAC1088F-03B2-45AC-8ECA-178F720EED81}.Release|Any CPU.Build.0 = Release|Any CPU
		{BAC1088F-03B2-45AC-8ECA-178F720EED81}.Release|x86.ActiveCfg = Release|Any CPU
		{BAC1088F-03B2-45AC-8ECA-178F720EED81}.Release|x86.Build.0 = Release|Any CPU
		{66342033-5A09-4EC1-BAA1-CCE445F52476}.Debug|Any CPU.ActiveCfg = Debug|Any CPU
		{66342033-5A09-4EC1-BAA1-CCE445F52476}.Debug|Any CPU.Build.0 = Debug|Any CPU
		{66342033-5A09-4EC1-BAA1-CCE445F52476}.Debug|x86.ActiveCfg = Debug|Any CPU
		{66342033-5A09-4EC1-BAA1-CCE445F52476}.Debug|x86.Build.0 = Debug|Any CPU
		{66342033-5A09-4EC1-BAA1-CCE445F52476}.Release|Any CPU.ActiveCfg = Release|Any CPU
		{66342033-5A09-4EC1-BAA1-CCE445F52476}.Release|Any CPU.Build.0 = Release|Any CPU
		{66342033-5A09-4EC1-BAA1-CCE445F52476}.Release|x86.ActiveCfg = Release|Any CPU
		{66342033-5A09-4EC1-BAA1-CCE445F52476}.Release|x86.Build.0 = Release|Any CPU
		{E486976D-3767-4EE5-BE34-2B06345764C5}.Debug|Any CPU.ActiveCfg = Debug|Any CPU
		{E486976D-3767-4EE5-BE34-2B06345764C5}.Debug|Any CPU.Build.0 = Debug|Any CPU
		{E486976D-3767-4EE5-BE34-2B06345764C5}.Debug|x86.ActiveCfg = Debug|Any CPU
		{E486976D-3767-4EE5-BE34-2B06345764C5}.Debug|x86.Build.0 = Debug|Any CPU
		{E486976D-3767-4EE5-BE34-2B06345764C5}.Release|Any CPU.ActiveCfg = Release|Any CPU
		{E486976D-3767-4EE5-BE34-2B06345764C5}.Release|Any CPU.Build.0 = Release|Any CPU
		{E486976D-3767-4EE5-BE34-2B06345764C5}.Release|x86.ActiveCfg = Release|Any CPU
		{E486976D-3767-4EE5-BE34-2B06345764C5}.Release|x86.Build.0 = Release|Any CPU
		{6E463CCE-D11B-405E-A339-FFCCB138FFB5}.Debug|Any CPU.ActiveCfg = Debug|Any CPU
		{6E463CCE-D11B-405E-A339-FFCCB138FFB5}.Debug|Any CPU.Build.0 = Debug|Any CPU
		{6E463CCE-D11B-405E-A339-FFCCB138FFB5}.Debug|x86.ActiveCfg = Debug|Any CPU
		{6E463CCE-D11B-405E-A339-FFCCB138FFB5}.Debug|x86.Build.0 = Debug|Any CPU
		{6E463CCE-D11B-405E-A339-FFCCB138FFB5}.Release|Any CPU.ActiveCfg = Release|Any CPU
		{6E463CCE-D11B-405E-A339-FFCCB138FFB5}.Release|Any CPU.Build.0 = Release|Any CPU
		{6E463CCE-D11B-405E-A339-FFCCB138FFB5}.Release|x86.ActiveCfg = Release|Any CPU
		{6E463CCE-D11B-405E-A339-FFCCB138FFB5}.Release|x86.Build.0 = Release|Any CPU
		{D4F89892-5734-4D8D-9CDD-5B2E909F1495}.Debug|Any CPU.ActiveCfg = Debug|Any CPU
		{D4F89892-5734-4D8D-9CDD-5B2E909F1495}.Debug|Any CPU.Build.0 = Debug|Any CPU
		{D4F89892-5734-4D8D-9CDD-5B2E909F1495}.Debug|x86.ActiveCfg = Debug|Any CPU
		{D4F89892-5734-4D8D-9CDD-5B2E909F1495}.Debug|x86.Build.0 = Debug|Any CPU
		{D4F89892-5734-4D8D-9CDD-5B2E909F1495}.Release|Any CPU.ActiveCfg = Release|Any CPU
		{D4F89892-5734-4D8D-9CDD-5B2E909F1495}.Release|Any CPU.Build.0 = Release|Any CPU
		{D4F89892-5734-4D8D-9CDD-5B2E909F1495}.Release|x86.ActiveCfg = Release|Any CPU
		{D4F89892-5734-4D8D-9CDD-5B2E909F1495}.Release|x86.Build.0 = Release|Any CPU
		{E36B0E11-7FC9-4224-850F-E10CB57FB284}.Debug|Any CPU.ActiveCfg = Debug|Any CPU
		{E36B0E11-7FC9-4224-850F-E10CB57FB284}.Debug|Any CPU.Build.0 = Debug|Any CPU
		{E36B0E11-7FC9-4224-850F-E10CB57FB284}.Debug|x86.ActiveCfg = Debug|x86
		{E36B0E11-7FC9-4224-850F-E10CB57FB284}.Debug|x86.Build.0 = Debug|x86
		{E36B0E11-7FC9-4224-850F-E10CB57FB284}.Release|Any CPU.ActiveCfg = Release|Any CPU
		{E36B0E11-7FC9-4224-850F-E10CB57FB284}.Release|Any CPU.Build.0 = Release|Any CPU
		{E36B0E11-7FC9-4224-850F-E10CB57FB284}.Release|x86.ActiveCfg = Release|x86
		{E36B0E11-7FC9-4224-850F-E10CB57FB284}.Release|x86.Build.0 = Release|x86
		{3E7C2198-F6B3-4FAE-8EBF-2271E752DFF3}.Debug|Any CPU.ActiveCfg = Debug|Any CPU
		{3E7C2198-F6B3-4FAE-8EBF-2271E752DFF3}.Debug|Any CPU.Build.0 = Debug|Any CPU
		{3E7C2198-F6B3-4FAE-8EBF-2271E752DFF3}.Debug|x86.ActiveCfg = Debug|x86
		{3E7C2198-F6B3-4FAE-8EBF-2271E752DFF3}.Debug|x86.Build.0 = Debug|x86
		{3E7C2198-F6B3-4FAE-8EBF-2271E752DFF3}.Release|Any CPU.ActiveCfg = Release|Any CPU
		{3E7C2198-F6B3-4FAE-8EBF-2271E752DFF3}.Release|Any CPU.Build.0 = Release|Any CPU
		{3E7C2198-F6B3-4FAE-8EBF-2271E752DFF3}.Release|x86.ActiveCfg = Release|x86
		{3E7C2198-F6B3-4FAE-8EBF-2271E752DFF3}.Release|x86.Build.0 = Release|x86
		{2F8165A3-5F0A-4516-8185-15A1A9708E00}.Debug|Any CPU.ActiveCfg = Debug|Any CPU
		{2F8165A3-5F0A-4516-8185-15A1A9708E00}.Debug|Any CPU.Build.0 = Debug|Any CPU
		{2F8165A3-5F0A-4516-8185-15A1A9708E00}.Debug|x86.ActiveCfg = Debug|x86
		{2F8165A3-5F0A-4516-8185-15A1A9708E00}.Debug|x86.Build.0 = Debug|x86
		{2F8165A3-5F0A-4516-8185-15A1A9708E00}.Release|Any CPU.ActiveCfg = Release|Any CPU
		{2F8165A3-5F0A-4516-8185-15A1A9708E00}.Release|Any CPU.Build.0 = Release|Any CPU
		{2F8165A3-5F0A-4516-8185-15A1A9708E00}.Release|x86.ActiveCfg = Release|x86
		{2F8165A3-5F0A-4516-8185-15A1A9708E00}.Release|x86.Build.0 = Release|x86
		{2BF14A54-E80B-4157-915A-75FB1C70A1FB}.Debug|Any CPU.ActiveCfg = Debug|Any CPU
		{2BF14A54-E80B-4157-915A-75FB1C70A1FB}.Debug|Any CPU.Build.0 = Debug|Any CPU
		{2BF14A54-E80B-4157-915A-75FB1C70A1FB}.Debug|x86.ActiveCfg = Debug|Any CPU
		{2BF14A54-E80B-4157-915A-75FB1C70A1FB}.Debug|x86.Build.0 = Debug|Any CPU
		{2BF14A54-E80B-4157-915A-75FB1C70A1FB}.Release|Any CPU.ActiveCfg = Release|Any CPU
		{2BF14A54-E80B-4157-915A-75FB1C70A1FB}.Release|Any CPU.Build.0 = Release|Any CPU
		{2BF14A54-E80B-4157-915A-75FB1C70A1FB}.Release|x86.ActiveCfg = Release|Any CPU
		{2BF14A54-E80B-4157-915A-75FB1C70A1FB}.Release|x86.Build.0 = Release|Any CPU
		{1D391459-E843-4693-B96F-DDE49BB56026}.Debug|Any CPU.ActiveCfg = Debug|Any CPU
		{1D391459-E843-4693-B96F-DDE49BB56026}.Debug|Any CPU.Build.0 = Debug|Any CPU
		{1D391459-E843-4693-B96F-DDE49BB56026}.Debug|x86.ActiveCfg = Debug|Any CPU
		{1D391459-E843-4693-B96F-DDE49BB56026}.Debug|x86.Build.0 = Debug|Any CPU
		{1D391459-E843-4693-B96F-DDE49BB56026}.Release|Any CPU.ActiveCfg = Release|Any CPU
		{1D391459-E843-4693-B96F-DDE49BB56026}.Release|Any CPU.Build.0 = Release|Any CPU
		{1D391459-E843-4693-B96F-DDE49BB56026}.Release|x86.ActiveCfg = Release|Any CPU
		{1D391459-E843-4693-B96F-DDE49BB56026}.Release|x86.Build.0 = Release|Any CPU
		{19063808-3340-4563-8B40-573D8DD0BABA}.Debug|Any CPU.ActiveCfg = Debug|Any CPU
		{19063808-3340-4563-8B40-573D8DD0BABA}.Debug|Any CPU.Build.0 = Debug|Any CPU
		{19063808-3340-4563-8B40-573D8DD0BABA}.Debug|x86.ActiveCfg = Debug|x86
		{19063808-3340-4563-8B40-573D8DD0BABA}.Debug|x86.Build.0 = Debug|x86
		{19063808-3340-4563-8B40-573D8DD0BABA}.Release|Any CPU.ActiveCfg = Release|Any CPU
		{19063808-3340-4563-8B40-573D8DD0BABA}.Release|Any CPU.Build.0 = Release|Any CPU
		{19063808-3340-4563-8B40-573D8DD0BABA}.Release|x86.ActiveCfg = Release|x86
		{19063808-3340-4563-8B40-573D8DD0BABA}.Release|x86.Build.0 = Release|x86
		{6D455079-2F20-43E4-946F-AC42D455E9B2}.Debug|Any CPU.ActiveCfg = Debug|Any CPU
		{6D455079-2F20-43E4-946F-AC42D455E9B2}.Debug|Any CPU.Build.0 = Debug|Any CPU
		{6D455079-2F20-43E4-946F-AC42D455E9B2}.Debug|x86.ActiveCfg = Debug|Any CPU
		{6D455079-2F20-43E4-946F-AC42D455E9B2}.Debug|x86.Build.0 = Debug|Any CPU
		{6D455079-2F20-43E4-946F-AC42D455E9B2}.Release|Any CPU.ActiveCfg = Release|Any CPU
		{6D455079-2F20-43E4-946F-AC42D455E9B2}.Release|Any CPU.Build.0 = Release|Any CPU
		{6D455079-2F20-43E4-946F-AC42D455E9B2}.Release|x86.ActiveCfg = Release|Any CPU
		{6D455079-2F20-43E4-946F-AC42D455E9B2}.Release|x86.Build.0 = Release|Any CPU
		{2304E582-DF8E-45A8-8BAC-2ED81BF27229}.Debug|Any CPU.ActiveCfg = Debug|Any CPU
		{2304E582-DF8E-45A8-8BAC-2ED81BF27229}.Debug|Any CPU.Build.0 = Debug|Any CPU
		{2304E582-DF8E-45A8-8BAC-2ED81BF27229}.Debug|x86.ActiveCfg = Debug|Any CPU
		{2304E582-DF8E-45A8-8BAC-2ED81BF27229}.Debug|x86.Build.0 = Debug|Any CPU
		{2304E582-DF8E-45A8-8BAC-2ED81BF27229}.Release|Any CPU.ActiveCfg = Release|Any CPU
		{2304E582-DF8E-45A8-8BAC-2ED81BF27229}.Release|Any CPU.Build.0 = Release|Any CPU
		{2304E582-DF8E-45A8-8BAC-2ED81BF27229}.Release|x86.ActiveCfg = Release|Any CPU
		{2304E582-DF8E-45A8-8BAC-2ED81BF27229}.Release|x86.Build.0 = Release|Any CPU
		{CB7C78C5-4A39-40A2-90C7-D034BD6C3790}.Debug|Any CPU.ActiveCfg = Debug|Any CPU
		{CB7C78C5-4A39-40A2-90C7-D034BD6C3790}.Debug|Any CPU.Build.0 = Debug|Any CPU
		{CB7C78C5-4A39-40A2-90C7-D034BD6C3790}.Debug|x86.ActiveCfg = Debug|Any CPU
		{CB7C78C5-4A39-40A2-90C7-D034BD6C3790}.Debug|x86.Build.0 = Debug|Any CPU
		{CB7C78C5-4A39-40A2-90C7-D034BD6C3790}.Release|Any CPU.ActiveCfg = Release|Any CPU
		{CB7C78C5-4A39-40A2-90C7-D034BD6C3790}.Release|Any CPU.Build.0 = Release|Any CPU
		{CB7C78C5-4A39-40A2-90C7-D034BD6C3790}.Release|x86.ActiveCfg = Release|Any CPU
		{CB7C78C5-4A39-40A2-90C7-D034BD6C3790}.Release|x86.Build.0 = Release|Any CPU
		{A3D5A375-AB79-4419-B962-BA8DC2CB2B1B}.Debug|Any CPU.ActiveCfg = Debug|Any CPU
		{A3D5A375-AB79-4419-B962-BA8DC2CB2B1B}.Debug|Any CPU.Build.0 = Debug|Any CPU
		{A3D5A375-AB79-4419-B962-BA8DC2CB2B1B}.Debug|x86.ActiveCfg = Debug|Any CPU
		{A3D5A375-AB79-4419-B962-BA8DC2CB2B1B}.Debug|x86.Build.0 = Debug|Any CPU
		{A3D5A375-AB79-4419-B962-BA8DC2CB2B1B}.Release|Any CPU.ActiveCfg = Release|Any CPU
		{A3D5A375-AB79-4419-B962-BA8DC2CB2B1B}.Release|Any CPU.Build.0 = Release|Any CPU
		{A3D5A375-AB79-4419-B962-BA8DC2CB2B1B}.Release|x86.ActiveCfg = Release|Any CPU
		{A3D5A375-AB79-4419-B962-BA8DC2CB2B1B}.Release|x86.Build.0 = Release|Any CPU
	EndGlobalSection
	GlobalSection(SolutionProperties) = preSolution
		HideSolutionNode = FALSE
	EndGlobalSection
	GlobalSection(NestedProjects) = preSolution
		{C7913626-608B-4285-8C39-CDA2A89D7469} = {B3EBF6AF-2E68-4F56-BB30-989849EA97E5}
		{78A84596-080D-4D44-BFED-087FD7A687AD} = {B3EBF6AF-2E68-4F56-BB30-989849EA97E5}
		{BAC1088F-03B2-45AC-8ECA-178F720EED81} = {B3EBF6AF-2E68-4F56-BB30-989849EA97E5}
		{66342033-5A09-4EC1-BAA1-CCE445F52476} = {CEC6EE36-2991-4E46-8ADB-D98EFCB71DEE}
		{E486976D-3767-4EE5-BE34-2B06345764C5} = {CEC6EE36-2991-4E46-8ADB-D98EFCB71DEE}
		{6E463CCE-D11B-405E-A339-FFCCB138FFB5} = {BE393D20-F54F-45EE-A6E9-5F6335DA1715}
		{D4F89892-5734-4D8D-9CDD-5B2E909F1495} = {B3EBF6AF-2E68-4F56-BB30-989849EA97E5}
		{E36B0E11-7FC9-4224-850F-E10CB57FB284} = {CEC6EE36-2991-4E46-8ADB-D98EFCB71DEE}
		{3E7C2198-F6B3-4FAE-8EBF-2271E752DFF3} = {CEC6EE36-2991-4E46-8ADB-D98EFCB71DEE}
		{2F8165A3-5F0A-4516-8185-15A1A9708E00} = {CEC6EE36-2991-4E46-8ADB-D98EFCB71DEE}
		{2BF14A54-E80B-4157-915A-75FB1C70A1FB} = {4CB5C422-CB7B-4943-9957-E773A585A723}
		{1D391459-E843-4693-B96F-DDE49BB56026} = {4CB5C422-CB7B-4943-9957-E773A585A723}
		{19063808-3340-4563-8B40-573D8DD0BABA} = {CEC6EE36-2991-4E46-8ADB-D98EFCB71DEE}
		{6D455079-2F20-43E4-946F-AC42D455E9B2} = {15AB3CEB-C859-4A5A-8E2A-E8287477A149}
		{2304E582-DF8E-45A8-8BAC-2ED81BF27229} = {15AB3CEB-C859-4A5A-8E2A-E8287477A149}
		{CB7C78C5-4A39-40A2-90C7-D034BD6C3790} = {01CF7739-F481-4978-81EC-7216A6B79AF7}
		{A3D5A375-AB79-4419-B962-BA8DC2CB2B1B} = {01CF7739-F481-4978-81EC-7216A6B79AF7}
	EndGlobalSection
EndGlobal
